
Microsoft Visual Studio Solution File, Format Version 12.00
# Visual Studio Version 17
VisualStudioVersion = 17.6.33723.286
MinimumVisualStudioVersion = 10.0.40219.1
Project("{FAE04EC0-301F-11D3-BF4B-00C04F79EFBC}") = "WolfTechTestHaavardBry", "WolfTechTestHaavardBry\WolfTechTestHaavardBry.csproj", "{F50E4128-D7DD-4088-8140-1A3630922D85}"
EndProject
Project("{FAE04EC0-301F-11D3-BF4B-00C04F79EFBC}") = "ProjectTests", "ProjectTests\ProjectTests.csproj", "{F2384039-81CC-41C7-9FAB-611BFB2234C6}"
EndProject
Global
	GlobalSection(SolutionConfigurationPlatforms) = preSolution
		Debug|Any CPU = Debug|Any CPU
		Release|Any CPU = Release|Any CPU
	EndGlobalSection
	GlobalSection(ProjectConfigurationPlatforms) = postSolution
		{F50E4128-D7DD-4088-8140-1A3630922D85}.Debug|Any CPU.ActiveCfg = Debug|Any CPU
		{F50E4128-D7DD-4088-8140-1A3630922D85}.Debug|Any CPU.Build.0 = Debug|Any CPU
		{F50E4128-D7DD-4088-8140-1A3630922D85}.Release|Any CPU.ActiveCfg = Release|Any CPU
		{F50E4128-D7DD-4088-8140-1A3630922D85}.Release|Any CPU.Build.0 = Release|Any CPU
		{F2384039-81CC-41C7-9FAB-611BFB2234C6}.Debug|Any CPU.ActiveCfg = Debug|Any CPU
		{F2384039-81CC-41C7-9FAB-611BFB2234C6}.Debug|Any CPU.Build.0 = Debug|Any CPU
		{F2384039-81CC-41C7-9FAB-611BFB2234C6}.Release|Any CPU.ActiveCfg = Release|Any CPU
		{F2384039-81CC-41C7-9FAB-611BFB2234C6}.Release|Any CPU.Build.0 = Release|Any CPU
	EndGlobalSection
	GlobalSection(SolutionProperties) = preSolution
		HideSolutionNode = FALSE
	EndGlobalSection
	GlobalSection(ExtensibilityGlobals) = postSolution
		SolutionGuid = {9B1BD249-DCC4-40DB-B62E-8BE5CBAF909C}
	EndGlobalSection
EndGlobal
